
Microsoft Visual Studio Solution File, Format Version 12.00
# Visual Studio 15
VisualStudioVersion = 15.0.28307.757
MinimumVisualStudioVersion = 10.0.40219.1
Project("{FAE04EC0-301F-11D3-BF4B-00C04F79EFBC}") = "IteratorPattern", "IteratorPattern\IteratorPattern.csproj", "{CFB024F9-8603-412E-9A95-184EE79E0400}"
EndProject
Project("{FAE04EC0-301F-11D3-BF4B-00C04F79EFBC}") = "ObserverPattern", "ObserverPattern\ObserverPattern.csproj", "{D3C6B407-2BF1-4024-9ABF-1A213F7A2295}"
EndProject
Project("{2150E333-8FDC-42A3-9474-1A3956D46DE8}") = "ChainOfResponsibility", "ChainOfResponsibility", "{AAE9F655-E9ED-49D2-BDF6-2C81306446E7}"
EndProject
Project("{FAE04EC0-301F-11D3-BF4B-00C04F79EFBC}") = "ChainOfResponsibility", "ChainOfResponsibility\ChainOfResponsibility.csproj", "{A415C31A-345E-4484-8743-A793A54B96D1}"
EndProject
Project("{2150E333-8FDC-42A3-9474-1A3956D46DE8}") = "CommandPattern", "CommandPattern", "{324FA87E-D194-4718-AE1C-ED2A29D60383}"
EndProject
Project("{FAE04EC0-301F-11D3-BF4B-00C04F79EFBC}") = "CommandPattern", "CommandPattern\CommandPattern.csproj", "{C140C3A2-9679-4322-AA6E-E18562700461}"
EndProject
Project("{2150E333-8FDC-42A3-9474-1A3956D46DE8}") = "Interpreter", "Interpreter", "{AE98F04D-ED2F-4E80-85D3-976DFC907B57}"
EndProject
Project("{FAE04EC0-301F-11D3-BF4B-00C04F79EFBC}") = "Interpreter", "Interpreter\Interpreter.csproj", "{4943F1FF-BCD7-431E-8197-E4179B77C1DE}"
EndProject
Global
	GlobalSection(SolutionConfigurationPlatforms) = preSolution
		Debug|Any CPU = Debug|Any CPU
		Release|Any CPU = Release|Any CPU
	EndGlobalSection
	GlobalSection(ProjectConfigurationPlatforms) = postSolution
		{CFB024F9-8603-412E-9A95-184EE79E0400}.Debug|Any CPU.ActiveCfg = Debug|Any CPU
		{CFB024F9-8603-412E-9A95-184EE79E0400}.Debug|Any CPU.Build.0 = Debug|Any CPU
		{CFB024F9-8603-412E-9A95-184EE79E0400}.Release|Any CPU.ActiveCfg = Release|Any CPU
		{CFB024F9-8603-412E-9A95-184EE79E0400}.Release|Any CPU.Build.0 = Release|Any CPU
		{D3C6B407-2BF1-4024-9ABF-1A213F7A2295}.Debug|Any CPU.ActiveCfg = Debug|Any CPU
		{D3C6B407-2BF1-4024-9ABF-1A213F7A2295}.Debug|Any CPU.Build.0 = Debug|Any CPU
		{D3C6B407-2BF1-4024-9ABF-1A213F7A2295}.Release|Any CPU.ActiveCfg = Release|Any CPU
		{D3C6B407-2BF1-4024-9ABF-1A213F7A2295}.Release|Any CPU.Build.0 = Release|Any CPU
		{A415C31A-345E-4484-8743-A793A54B96D1}.Debug|Any CPU.ActiveCfg = Debug|Any CPU
		{A415C31A-345E-4484-8743-A793A54B96D1}.Debug|Any CPU.Build.0 = Debug|Any CPU
		{A415C31A-345E-4484-8743-A793A54B96D1}.Release|Any CPU.ActiveCfg = Release|Any CPU
		{A415C31A-345E-4484-8743-A793A54B96D1}.Release|Any CPU.Build.0 = Release|Any CPU
		{C140C3A2-9679-4322-AA6E-E18562700461}.Debug|Any CPU.ActiveCfg = Debug|Any CPU
		{C140C3A2-9679-4322-AA6E-E18562700461}.Debug|Any CPU.Build.0 = Debug|Any CPU
		{C140C3A2-9679-4322-AA6E-E18562700461}.Release|Any CPU.ActiveCfg = Release|Any CPU
		{C140C3A2-9679-4322-AA6E-E18562700461}.Release|Any CPU.Build.0 = Release|Any CPU
		{4943F1FF-BCD7-431E-8197-E4179B77C1DE}.Debug|Any CPU.ActiveCfg = Debug|Any CPU
		{4943F1FF-BCD7-431E-8197-E4179B77C1DE}.Debug|Any CPU.Build.0 = Debug|Any CPU
		{4943F1FF-BCD7-431E-8197-E4179B77C1DE}.Release|Any CPU.ActiveCfg = Release|Any CPU
		{4943F1FF-BCD7-431E-8197-E4179B77C1DE}.Release|Any CPU.Build.0 = Release|Any CPU
	EndGlobalSection
	GlobalSection(SolutionProperties) = preSolution
		HideSolutionNode = FALSE
	EndGlobalSection
	GlobalSection(NestedProjects) = preSolution
		{A415C31A-345E-4484-8743-A793A54B96D1} = {AAE9F655-E9ED-49D2-BDF6-2C81306446E7}
		{C140C3A2-9679-4322-AA6E-E18562700461} = {324FA87E-D194-4718-AE1C-ED2A29D60383}
		{4943F1FF-BCD7-431E-8197-E4179B77C1DE} = {AE98F04D-ED2F-4E80-85D3-976DFC907B57}
	EndGlobalSection
	GlobalSection(ExtensibilityGlobals) = postSolution
		SolutionGuid = {CD3E2AAA-C24A-4DD5-8B96-DCD40B7BC177}
	EndGlobalSection
EndGlobal
