
Microsoft Visual Studio Solution File, Format Version 12.00
# Visual Studio 15
VisualStudioVersion = 15.0.28307.757
MinimumVisualStudioVersion = 10.0.40219.1
Project("{FAE04EC0-301F-11D3-BF4B-00C04F79EFBC}") = "FactoryMethod", "CreationalDesignPatterns\FactoryMethod.csproj", "{8813279B-4DEC-48A4-9249-F7D9E7994523}"
EndProject
Project("{2150E333-8FDC-42A3-9474-1A3956D46DE8}") = "Factory Method", "Factory Method", "{7B73DBAF-5AA1-486E-99B2-2299E96126F4}"
EndProject
Project("{2150E333-8FDC-42A3-9474-1A3956D46DE8}") = "Abstarct Factory", "Abstarct Factory", "{466131CC-146A-4FFA-A49A-9A785E4CC000}"
EndProject
Project("{FAE04EC0-301F-11D3-BF4B-00C04F79EFBC}") = "AbstractFactory", "AbstractFactory\AbstractFactory.csproj", "{13383C94-4FF4-4E52-AC63-947720F462A3}"
EndProject
Project("{2150E333-8FDC-42A3-9474-1A3956D46DE8}") = "Singleton", "Singleton", "{7B8364B2-3E5F-4AE1-9298-09B9A408D338}"
EndProject
Project("{FAE04EC0-301F-11D3-BF4B-00C04F79EFBC}") = "Singleton", "Singleton\Singleton.csproj", "{E21ECA25-B5FC-4832-96D4-01FD7707705D}"
EndProject
Global
	GlobalSection(SolutionConfigurationPlatforms) = preSolution
		Debug|Any CPU = Debug|Any CPU
		Release|Any CPU = Release|Any CPU
	EndGlobalSection
	GlobalSection(ProjectConfigurationPlatforms) = postSolution
		{8813279B-4DEC-48A4-9249-F7D9E7994523}.Debug|Any CPU.ActiveCfg = Debug|Any CPU
		{8813279B-4DEC-48A4-9249-F7D9E7994523}.Debug|Any CPU.Build.0 = Debug|Any CPU
		{8813279B-4DEC-48A4-9249-F7D9E7994523}.Release|Any CPU.ActiveCfg = Release|Any CPU
		{8813279B-4DEC-48A4-9249-F7D9E7994523}.Release|Any CPU.Build.0 = Release|Any CPU
		{13383C94-4FF4-4E52-AC63-947720F462A3}.Debug|Any CPU.ActiveCfg = Debug|Any CPU
		{13383C94-4FF4-4E52-AC63-947720F462A3}.Debug|Any CPU.Build.0 = Debug|Any CPU
		{13383C94-4FF4-4E52-AC63-947720F462A3}.Release|Any CPU.ActiveCfg = Release|Any CPU
		{13383C94-4FF4-4E52-AC63-947720F462A3}.Release|Any CPU.Build.0 = Release|Any CPU
		{E21ECA25-B5FC-4832-96D4-01FD7707705D}.Debug|Any CPU.ActiveCfg = Debug|Any CPU
		{E21ECA25-B5FC-4832-96D4-01FD7707705D}.Debug|Any CPU.Build.0 = Debug|Any CPU
		{E21ECA25-B5FC-4832-96D4-01FD7707705D}.Release|Any CPU.ActiveCfg = Release|Any CPU
		{E21ECA25-B5FC-4832-96D4-01FD7707705D}.Release|Any CPU.Build.0 = Release|Any CPU
	EndGlobalSection
	GlobalSection(SolutionProperties) = preSolution
		HideSolutionNode = FALSE
	EndGlobalSection
	GlobalSection(NestedProjects) = preSolution
		{8813279B-4DEC-48A4-9249-F7D9E7994523} = {7B73DBAF-5AA1-486E-99B2-2299E96126F4}
		{13383C94-4FF4-4E52-AC63-947720F462A3} = {466131CC-146A-4FFA-A49A-9A785E4CC000}
		{E21ECA25-B5FC-4832-96D4-01FD7707705D} = {7B8364B2-3E5F-4AE1-9298-09B9A408D338}
	EndGlobalSection
	GlobalSection(ExtensibilityGlobals) = postSolution
		SolutionGuid = {25884E8B-8B34-419F-B963-7E9AC453C71E}
	EndGlobalSection
EndGlobal
